
Microsoft Visual Studio Solution File, Format Version 12.00
# Visual Studio Version 17
VisualStudioVersion = 17.8.34330.188
MinimumVisualStudioVersion = 10.0.40219.1
Project("{FAE04EC0-301F-11D3-BF4B-00C04F79EFBC}") = "ViewbagViewDataTempData", "ViewbagViewDataTempData\ViewbagViewDataTempData.csproj", "{88A3B3C3-7AC6-4B42-906A-7FFF1C863BE7}"
EndProject
Global
	GlobalSection(SolutionConfigurationPlatforms) = preSolution
		Debug|Any CPU = Debug|Any CPU
		Release|Any CPU = Release|Any CPU
	EndGlobalSection
	GlobalSection(ProjectConfigurationPlatforms) = postSolution
		{88A3B3C3-7AC6-4B42-906A-7FFF1C863BE7}.Debug|Any CPU.ActiveCfg = Debug|Any CPU
		{88A3B3C3-7AC6-4B42-906A-7FFF1C863BE7}.Debug|Any CPU.Build.0 = Debug|Any CPU
		{88A3B3C3-7AC6-4B42-906A-7FFF1C863BE7}.Release|Any CPU.ActiveCfg = Release|Any CPU
		{88A3B3C3-7AC6-4B42-906A-7FFF1C863BE7}.Release|Any CPU.Build.0 = Release|Any CPU
	EndGlobalSection
	GlobalSection(SolutionProperties) = preSolution
		HideSolutionNode = FALSE
	EndGlobalSection
	GlobalSection(ExtensibilityGlobals) = postSolution
		SolutionGuid = {B8FE4AED-4F5B-4B6C-8789-BC436A44B57C}
	EndGlobalSection
EndGlobal
